
Microsoft Visual Studio Solution File, Format Version 12.00
# Visual Studio Version 16
VisualStudioVersion = 16.0.30503.244
MinimumVisualStudioVersion = 10.0.40219.1
Project("{8BC9CEB8-8B4A-11D0-8D11-00A0C91BC942}") = "tartaglia", "tartaglia\tartaglia.vcxproj", "{013E052B-50FC-4757-8E0E-8C8F822E0DBA}"
EndProject
Global
	GlobalSection(SolutionConfigurationPlatforms) = preSolution
		Debug|x64 = Debug|x64
		Debug|x86 = Debug|x86
		Release|x64 = Release|x64
		Release|x86 = Release|x86
	EndGlobalSection
	GlobalSection(ProjectConfigurationPlatforms) = postSolution
		{013E052B-50FC-4757-8E0E-8C8F822E0DBA}.Debug|x64.ActiveCfg = Debug|x64
		{013E052B-50FC-4757-8E0E-8C8F822E0DBA}.Debug|x64.Build.0 = Debug|x64
		{013E052B-50FC-4757-8E0E-8C8F822E0DBA}.Debug|x86.ActiveCfg = Debug|Win32
		{013E052B-50FC-4757-8E0E-8C8F822E0DBA}.Debug|x86.Build.0 = Debug|Win32
		{013E052B-50FC-4757-8E0E-8C8F822E0DBA}.Release|x64.ActiveCfg = Release|x64
		{013E052B-50FC-4757-8E0E-8C8F822E0DBA}.Release|x64.Build.0 = Release|x64
		{013E052B-50FC-4757-8E0E-8C8F822E0DBA}.Release|x86.ActiveCfg = Release|Win32
		{013E052B-50FC-4757-8E0E-8C8F822E0DBA}.Release|x86.Build.0 = Release|Win32
	EndGlobalSection
	GlobalSection(SolutionProperties) = preSolution
		HideSolutionNode = FALSE
	EndGlobalSection
	GlobalSection(ExtensibilityGlobals) = postSolution
		SolutionGuid = {15DC94BF-7127-4593-9C2B-12BF98CDD070}
	EndGlobalSection
EndGlobal
