
Microsoft Visual Studio Solution File, Format Version 12.00
# Visual Studio Version 16
VisualStudioVersion = 16.0.30503.244
MinimumVisualStudioVersion = 10.0.40219.1
Project("{8BC9CEB8-8B4A-11D0-8D11-00A0C91BC942}") = "vector_MCD", "vector_MCD\vector_MCD.vcxproj", "{51332C00-7670-4A96-BB4C-492CA6249ABD}"
EndProject
Global
	GlobalSection(SolutionConfigurationPlatforms) = preSolution
		Debug|x64 = Debug|x64
		Debug|x86 = Debug|x86
		Release|x64 = Release|x64
		Release|x86 = Release|x86
	EndGlobalSection
	GlobalSection(ProjectConfigurationPlatforms) = postSolution
		{51332C00-7670-4A96-BB4C-492CA6249ABD}.Debug|x64.ActiveCfg = Debug|x64
		{51332C00-7670-4A96-BB4C-492CA6249ABD}.Debug|x64.Build.0 = Debug|x64
		{51332C00-7670-4A96-BB4C-492CA6249ABD}.Debug|x86.ActiveCfg = Debug|Win32
		{51332C00-7670-4A96-BB4C-492CA6249ABD}.Debug|x86.Build.0 = Debug|Win32
		{51332C00-7670-4A96-BB4C-492CA6249ABD}.Release|x64.ActiveCfg = Release|x64
		{51332C00-7670-4A96-BB4C-492CA6249ABD}.Release|x64.Build.0 = Release|x64
		{51332C00-7670-4A96-BB4C-492CA6249ABD}.Release|x86.ActiveCfg = Release|Win32
		{51332C00-7670-4A96-BB4C-492CA6249ABD}.Release|x86.Build.0 = Release|Win32
	EndGlobalSection
	GlobalSection(SolutionProperties) = preSolution
		HideSolutionNode = FALSE
	EndGlobalSection
	GlobalSection(ExtensibilityGlobals) = postSolution
		SolutionGuid = {61CEFAE0-EE19-4A2C-B0F8-0D9BA1E662AA}
	EndGlobalSection
EndGlobal
