
Microsoft Visual Studio Solution File, Format Version 12.00
# Visual Studio Version 16
VisualStudioVersion = 16.0.30503.244
MinimumVisualStudioVersion = 10.0.40219.1
Project("{8BC9CEB8-8B4A-11D0-8D11-00A0C91BC942}") = "change_font", "change_font\change_font.vcxproj", "{B5CB1948-9FA2-40B5-99E0-A071859CB587}"
EndProject
Global
	GlobalSection(SolutionConfigurationPlatforms) = preSolution
		Debug|x64 = Debug|x64
		Debug|x86 = Debug|x86
		Release|x64 = Release|x64
		Release|x86 = Release|x86
	EndGlobalSection
	GlobalSection(ProjectConfigurationPlatforms) = postSolution
		{B5CB1948-9FA2-40B5-99E0-A071859CB587}.Debug|x64.ActiveCfg = Debug|x64
		{B5CB1948-9FA2-40B5-99E0-A071859CB587}.Debug|x64.Build.0 = Debug|x64
		{B5CB1948-9FA2-40B5-99E0-A071859CB587}.Debug|x86.ActiveCfg = Debug|Win32
		{B5CB1948-9FA2-40B5-99E0-A071859CB587}.Debug|x86.Build.0 = Debug|Win32
		{B5CB1948-9FA2-40B5-99E0-A071859CB587}.Release|x64.ActiveCfg = Release|x64
		{B5CB1948-9FA2-40B5-99E0-A071859CB587}.Release|x64.Build.0 = Release|x64
		{B5CB1948-9FA2-40B5-99E0-A071859CB587}.Release|x86.ActiveCfg = Release|Win32
		{B5CB1948-9FA2-40B5-99E0-A071859CB587}.Release|x86.Build.0 = Release|Win32
	EndGlobalSection
	GlobalSection(SolutionProperties) = preSolution
		HideSolutionNode = FALSE
	EndGlobalSection
	GlobalSection(ExtensibilityGlobals) = postSolution
		SolutionGuid = {3937DB54-B070-4427-A554-F8490141F005}
	EndGlobalSection
EndGlobal
